# This file was autogenerated by Stack.
# You should not edit this file by hand.
# For more information, please see the documentation at:
#   https://docs.haskellstack.org/en/stable/lock_files

packages:
- completed:
    hackage: safe-money-cereal-0.1.1@sha256:63af3ac23710647c9552ab547dceda0f69aa41f9e8aba97d626f737c85414322,1381
    pantry-tree:
      size: 375
      sha256: 7c7fc5003bfc5c97898b8d378fbbf53da63c5179a98481aa8e618e0633f51418
  original:
    hackage: safe-money-cereal-0.1.1
snapshots:
- completed:
    size: 619158
    url: https://raw.githubusercontent.com/commercialhaskell/stackage-snapshots/master/lts/19/12.yaml
    sha256: d4d7a4ac80485f3c21d0c6bfe5e7a21c3f71ca4fdfea022f98574047ebb58ebb
  original: lts-19.12
